
Microsoft Visual Studio Solution File, Format Version 12.00
# Visual Studio 2015
Project("{FAE04EC0-301F-11D3-BF4B-00C04F79EFBC}") = "Line of Fire.Plugins", "Line of Fire.Plugins.csproj", "{C8B5F95D-AE59-2F85-1622-C9FA81D4A774}"
EndProject
Project("{FAE04EC0-301F-11D3-BF4B-00C04F79EFBC}") = "Line of Fire", "Line of Fire.csproj", "{202B4316-6C45-C0AD-132B-DC542BB69AF3}"
EndProject
Project("{FAE04EC0-301F-11D3-BF4B-00C04F79EFBC}") = "Line of Fire.Editor.Plugins", "Line of Fire.Editor.Plugins.csproj", "{4FF8ED5F-445A-10CC-3DE7-04EDE8096ABF}"
EndProject
Global
	GlobalSection(SolutionConfigurationPlatforms) = preSolution
		Debug|Any CPU = Debug|Any CPU
		Release|Any CPU = Release|Any CPU
	EndGlobalSection
	GlobalSection(ProjectConfigurationPlatforms) = postSolution
		{C8B5F95D-AE59-2F85-1622-C9FA81D4A774}.Debug|Any CPU.ActiveCfg = Debug|Any CPU
		{C8B5F95D-AE59-2F85-1622-C9FA81D4A774}.Debug|Any CPU.Build.0 = Debug|Any CPU
		{C8B5F95D-AE59-2F85-1622-C9FA81D4A774}.Release|Any CPU.ActiveCfg = Release|Any CPU
		{C8B5F95D-AE59-2F85-1622-C9FA81D4A774}.Release|Any CPU.Build.0 = Release|Any CPU
		{202B4316-6C45-C0AD-132B-DC542BB69AF3}.Debug|Any CPU.ActiveCfg = Debug|Any CPU
		{202B4316-6C45-C0AD-132B-DC542BB69AF3}.Debug|Any CPU.Build.0 = Debug|Any CPU
		{202B4316-6C45-C0AD-132B-DC542BB69AF3}.Release|Any CPU.ActiveCfg = Release|Any CPU
		{202B4316-6C45-C0AD-132B-DC542BB69AF3}.Release|Any CPU.Build.0 = Release|Any CPU
		{4FF8ED5F-445A-10CC-3DE7-04EDE8096ABF}.Debug|Any CPU.ActiveCfg = Debug|Any CPU
		{4FF8ED5F-445A-10CC-3DE7-04EDE8096ABF}.Debug|Any CPU.Build.0 = Debug|Any CPU
		{4FF8ED5F-445A-10CC-3DE7-04EDE8096ABF}.Release|Any CPU.ActiveCfg = Release|Any CPU
		{4FF8ED5F-445A-10CC-3DE7-04EDE8096ABF}.Release|Any CPU.Build.0 = Release|Any CPU
	EndGlobalSection
	GlobalSection(SolutionProperties) = preSolution
		HideSolutionNode = FALSE
	EndGlobalSection
EndGlobal
