
Microsoft Visual Studio Solution File, Format Version 12.00
# Visual Studio 2015
Project("{FAE04EC0-301F-11D3-BF4B-00C04F79EFBC}") = "Line of Fire.CSharp.Plugins", "Line of Fire.CSharp.Plugins.csproj", "{3608A1EB-110C-BF84-0D6C-E6D5A3B5EC4E}"
EndProject
Project("{FAE04EC0-301F-11D3-BF4B-00C04F79EFBC}") = "Line of Fire.CSharp.Editor.Plugins", "Line of Fire.CSharp.Editor.Plugins.csproj", "{F6E1E86B-E45F-F748-28A5-CE416174029B}"
EndProject
Global
	GlobalSection(SolutionConfigurationPlatforms) = preSolution
		Debug|Any CPU = Debug|Any CPU
		Release|Any CPU = Release|Any CPU
	EndGlobalSection
	GlobalSection(ProjectConfigurationPlatforms) = postSolution
		{3608A1EB-110C-BF84-0D6C-E6D5A3B5EC4E}.Debug|Any CPU.ActiveCfg = Debug|Any CPU
		{3608A1EB-110C-BF84-0D6C-E6D5A3B5EC4E}.Debug|Any CPU.Build.0 = Debug|Any CPU
		{3608A1EB-110C-BF84-0D6C-E6D5A3B5EC4E}.Release|Any CPU.ActiveCfg = Release|Any CPU
		{3608A1EB-110C-BF84-0D6C-E6D5A3B5EC4E}.Release|Any CPU.Build.0 = Release|Any CPU
		{F6E1E86B-E45F-F748-28A5-CE416174029B}.Debug|Any CPU.ActiveCfg = Debug|Any CPU
		{F6E1E86B-E45F-F748-28A5-CE416174029B}.Debug|Any CPU.Build.0 = Debug|Any CPU
		{F6E1E86B-E45F-F748-28A5-CE416174029B}.Release|Any CPU.ActiveCfg = Release|Any CPU
		{F6E1E86B-E45F-F748-28A5-CE416174029B}.Release|Any CPU.Build.0 = Release|Any CPU
	EndGlobalSection
	GlobalSection(SolutionProperties) = preSolution
		HideSolutionNode = FALSE
	EndGlobalSection
EndGlobal
